
Microsoft Visual Studio Solution File, Format Version 12.00
# Visual Studio Version 17
VisualStudioVersion = 17.5.002.0
MinimumVisualStudioVersion = 10.0.40219.1
Project("{9A19103F-16F7-4668-BE54-9A1E7A4F7556}") = "assignment2", "assignment2.csproj", "{35F3969C-2FFA-4DE5-80B1-BAC27B63163B}"
EndProject
Global
	GlobalSection(SolutionConfigurationPlatforms) = preSolution
		Debug|Any CPU = Debug|Any CPU
		Release|Any CPU = Release|Any CPU
	EndGlobalSection
	GlobalSection(ProjectConfigurationPlatforms) = postSolution
		{35F3969C-2FFA-4DE5-80B1-BAC27B63163B}.Debug|Any CPU.ActiveCfg = Debug|Any CPU
		{35F3969C-2FFA-4DE5-80B1-BAC27B63163B}.Debug|Any CPU.Build.0 = Debug|Any CPU
		{35F3969C-2FFA-4DE5-80B1-BAC27B63163B}.Release|Any CPU.ActiveCfg = Release|Any CPU
		{35F3969C-2FFA-4DE5-80B1-BAC27B63163B}.Release|Any CPU.Build.0 = Release|Any CPU
	EndGlobalSection
	GlobalSection(SolutionProperties) = preSolution
		HideSolutionNode = FALSE
	EndGlobalSection
	GlobalSection(ExtensibilityGlobals) = postSolution
		SolutionGuid = {F8EA5AA6-B4C1-4F85-A2E9-754492A6FC04}
	EndGlobalSection
EndGlobal
